
Microsoft Visual Studio Solution File, Format Version 12.00
# Visual Studio Version 17
VisualStudioVersion = 17.2.32314.265
MinimumVisualStudioVersion = 10.0.40219.1
Project("{FAE04EC0-301F-11D3-BF4B-00C04F79EFBC}") = "SistemaWeb", "SistemaWeb\SistemaWeb.csproj", "{AAAFF783-A339-47ED-B8E4-C83486398BAA}"
EndProject
Global
	GlobalSection(SolutionConfigurationPlatforms) = preSolution
		Debug|Any CPU = Debug|Any CPU
		Release|Any CPU = Release|Any CPU
	EndGlobalSection
	GlobalSection(ProjectConfigurationPlatforms) = postSolution
		{AAAFF783-A339-47ED-B8E4-C83486398BAA}.Debug|Any CPU.ActiveCfg = Debug|Any CPU
		{AAAFF783-A339-47ED-B8E4-C83486398BAA}.Debug|Any CPU.Build.0 = Debug|Any CPU
		{AAAFF783-A339-47ED-B8E4-C83486398BAA}.Release|Any CPU.ActiveCfg = Release|Any CPU
		{AAAFF783-A339-47ED-B8E4-C83486398BAA}.Release|Any CPU.Build.0 = Release|Any CPU
	EndGlobalSection
	GlobalSection(SolutionProperties) = preSolution
		HideSolutionNode = FALSE
	EndGlobalSection
	GlobalSection(ExtensibilityGlobals) = postSolution
		SolutionGuid = {758162D5-9575-4B18-A679-7D4EB89BC9E3}
	EndGlobalSection
EndGlobal
